
Microsoft Visual Studio Solution File, Format Version 12.00
# Visual Studio Version 17
VisualStudioVersion = 17.2.32630.192
MinimumVisualStudioVersion = 10.0.40219.1
Project("{FAE04EC0-301F-11D3-BF4B-00C04F79EFBC}") = "Mundo_disney", "Mundo_disney.csproj", "{48EABF84-8820-49D1-B63A-2F0726BBF1F9}"
EndProject
Global
	GlobalSection(SolutionConfigurationPlatforms) = preSolution
		Debug|Any CPU = Debug|Any CPU
		Release|Any CPU = Release|Any CPU
	EndGlobalSection
	GlobalSection(ProjectConfigurationPlatforms) = postSolution
		{48EABF84-8820-49D1-B63A-2F0726BBF1F9}.Debug|Any CPU.ActiveCfg = Debug|Any CPU
		{48EABF84-8820-49D1-B63A-2F0726BBF1F9}.Debug|Any CPU.Build.0 = Debug|Any CPU
		{48EABF84-8820-49D1-B63A-2F0726BBF1F9}.Release|Any CPU.ActiveCfg = Release|Any CPU
		{48EABF84-8820-49D1-B63A-2F0726BBF1F9}.Release|Any CPU.Build.0 = Release|Any CPU
	EndGlobalSection
	GlobalSection(SolutionProperties) = preSolution
		HideSolutionNode = FALSE
	EndGlobalSection
	GlobalSection(ExtensibilityGlobals) = postSolution
		SolutionGuid = {553EE9F0-878B-4A31-99E0-B0B7D96782FE}
	EndGlobalSection
EndGlobal
